
Microsoft Visual Studio Solution File, Format Version 12.00
# Visual Studio 15
VisualStudioVersion = 15.0.28010.2003
MinimumVisualStudioVersion = 10.0.40219.1
Project("{8BC9CEB8-8B4A-11D0-8D11-00A0C91BC942}") = "XmlSaxParser", "XmlSaxParser\XmlSaxParser.vcxproj", "{587927CE-FBF3-421A-ADF5-BD9873D33A02}"
EndProject
Project("{8BC9CEB8-8B4A-11D0-8D11-00A0C91BC942}") = "XmlSaxParserTests", "XmlSaxParserTests\XmlSaxParserTests.vcxproj", "{7FCD2E95-0875-473F-B13F-B597FAA5AD6D}"
EndProject
Project("{2150E333-8FDC-42A3-9474-1A3956D46DE8}") = "Solution Items", "Solution Items", "{25FB2648-EA1D-48CC-ABD5-C588E428A27C}"
	ProjectSection(SolutionItems) = preProject
		README.md = README.md
	EndProjectSection
EndProject
Global
	GlobalSection(SolutionConfigurationPlatforms) = preSolution
		Debug|x64 = Debug|x64
		Debug|x86 = Debug|x86
		Release|x64 = Release|x64
		Release|x86 = Release|x86
	EndGlobalSection
	GlobalSection(ProjectConfigurationPlatforms) = postSolution
		{587927CE-FBF3-421A-ADF5-BD9873D33A02}.Debug|x64.ActiveCfg = Debug|x64
		{587927CE-FBF3-421A-ADF5-BD9873D33A02}.Debug|x64.Build.0 = Debug|x64
		{587927CE-FBF3-421A-ADF5-BD9873D33A02}.Debug|x86.ActiveCfg = Debug|Win32
		{587927CE-FBF3-421A-ADF5-BD9873D33A02}.Debug|x86.Build.0 = Debug|Win32
		{587927CE-FBF3-421A-ADF5-BD9873D33A02}.Release|x64.ActiveCfg = Release|x64
		{587927CE-FBF3-421A-ADF5-BD9873D33A02}.Release|x64.Build.0 = Release|x64
		{587927CE-FBF3-421A-ADF5-BD9873D33A02}.Release|x86.ActiveCfg = Release|Win32
		{587927CE-FBF3-421A-ADF5-BD9873D33A02}.Release|x86.Build.0 = Release|Win32
		{7FCD2E95-0875-473F-B13F-B597FAA5AD6D}.Debug|x64.ActiveCfg = Debug|x64
		{7FCD2E95-0875-473F-B13F-B597FAA5AD6D}.Debug|x64.Build.0 = Debug|x64
		{7FCD2E95-0875-473F-B13F-B597FAA5AD6D}.Debug|x86.ActiveCfg = Debug|Win32
		{7FCD2E95-0875-473F-B13F-B597FAA5AD6D}.Debug|x86.Build.0 = Debug|Win32
		{7FCD2E95-0875-473F-B13F-B597FAA5AD6D}.Release|x64.ActiveCfg = Release|x64
		{7FCD2E95-0875-473F-B13F-B597FAA5AD6D}.Release|x64.Build.0 = Release|x64
		{7FCD2E95-0875-473F-B13F-B597FAA5AD6D}.Release|x86.ActiveCfg = Release|Win32
		{7FCD2E95-0875-473F-B13F-B597FAA5AD6D}.Release|x86.Build.0 = Release|Win32
	EndGlobalSection
	GlobalSection(SolutionProperties) = preSolution
		HideSolutionNode = FALSE
	EndGlobalSection
	GlobalSection(ExtensibilityGlobals) = postSolution
		SolutionGuid = {F2C8FF61-11AB-4864-B4A1-0ADB82755ECC}
	EndGlobalSection
EndGlobal
